
Microsoft Visual Studio Solution File, Format Version 12.00
# Visual Studio 2013
VisualStudioVersion = 12.0.40629.0
MinimumVisualStudioVersion = 10.0.40219.1
Project("{FAE04EC0-301F-11D3-BF4B-00C04F79EFBC}") = "Remove Outlook Ads", "Remove Outlook Ads\Remove Outlook Ads.csproj", "{9D141603-1A9D-4EEC-82D8-C473EA436839}"
EndProject
Project("{FAE04EC0-301F-11D3-BF4B-00C04F79EFBC}") = "Auto Set Project Status", "Auto Set Project Status\Auto Set Project Status.csproj", "{2E0684E6-3E1E-42D3-8A1C-2A230647EDC7}"
EndProject
Global
	GlobalSection(SolutionConfigurationPlatforms) = preSolution
		Debug|Any CPU = Debug|Any CPU
		Release|Any CPU = Release|Any CPU
	EndGlobalSection
	GlobalSection(ProjectConfigurationPlatforms) = postSolution
		{9D141603-1A9D-4EEC-82D8-C473EA436839}.Debug|Any CPU.ActiveCfg = Debug|Any CPU
		{9D141603-1A9D-4EEC-82D8-C473EA436839}.Debug|Any CPU.Build.0 = Debug|Any CPU
		{9D141603-1A9D-4EEC-82D8-C473EA436839}.Release|Any CPU.ActiveCfg = Release|Any CPU
		{9D141603-1A9D-4EEC-82D8-C473EA436839}.Release|Any CPU.Build.0 = Release|Any CPU
		{2E0684E6-3E1E-42D3-8A1C-2A230647EDC7}.Debug|Any CPU.ActiveCfg = Debug|Any CPU
		{2E0684E6-3E1E-42D3-8A1C-2A230647EDC7}.Debug|Any CPU.Build.0 = Debug|Any CPU
		{2E0684E6-3E1E-42D3-8A1C-2A230647EDC7}.Release|Any CPU.ActiveCfg = Release|Any CPU
		{2E0684E6-3E1E-42D3-8A1C-2A230647EDC7}.Release|Any CPU.Build.0 = Release|Any CPU
	EndGlobalSection
	GlobalSection(SolutionProperties) = preSolution
		HideSolutionNode = FALSE
	EndGlobalSection
EndGlobal
